
Microsoft Visual Studio Solution File, Format Version 12.00
# Visual Studio Version 16
VisualStudioVersion = 16.0.31321.278
MinimumVisualStudioVersion = 10.0.40219.1
Project("{FAE04EC0-301F-11D3-BF4B-00C04F79EFBC}") = "NET-Core-API", "NET-Core-API\NET-Core-API.csproj", "{AB096113-CA67-4F2C-AB20-0378CD473CA5}"
EndProject
Global
	GlobalSection(SolutionConfigurationPlatforms) = preSolution
		Debug|Any CPU = Debug|Any CPU
		Release|Any CPU = Release|Any CPU
	EndGlobalSection
	GlobalSection(ProjectConfigurationPlatforms) = postSolution
		{AB096113-CA67-4F2C-AB20-0378CD473CA5}.Debug|Any CPU.ActiveCfg = Debug|Any CPU
		{AB096113-CA67-4F2C-AB20-0378CD473CA5}.Debug|Any CPU.Build.0 = Debug|Any CPU
		{AB096113-CA67-4F2C-AB20-0378CD473CA5}.Release|Any CPU.ActiveCfg = Release|Any CPU
		{AB096113-CA67-4F2C-AB20-0378CD473CA5}.Release|Any CPU.Build.0 = Release|Any CPU
	EndGlobalSection
	GlobalSection(SolutionProperties) = preSolution
		HideSolutionNode = FALSE
	EndGlobalSection
	GlobalSection(ExtensibilityGlobals) = postSolution
		SolutionGuid = {2A0F3017-508A-40C9-8056-024F717EC62C}
	EndGlobalSection
EndGlobal
